
Microsoft Visual Studio Solution File, Format Version 12.00
# Visual Studio Version 16
VisualStudioVersion = 16.0.29519.87
MinimumVisualStudioVersion = 10.0.40219.1
Project("{FAE04EC0-301F-11D3-BF4B-00C04F79EFBC}") = "DriveTrackerExt", "DriveTrackerExt.csproj", "{516093C2-5D00-40F0-A5D3-70680355875C}"
EndProject
Global
	GlobalSection(SolutionConfigurationPlatforms) = preSolution
		Debug|Any CPU = Debug|Any CPU
		Release|Any CPU = Release|Any CPU
	EndGlobalSection
	GlobalSection(ProjectConfigurationPlatforms) = postSolution
		{516093C2-5D00-40F0-A5D3-70680355875C}.Debug|Any CPU.ActiveCfg = Debug|Any CPU
		{516093C2-5D00-40F0-A5D3-70680355875C}.Debug|Any CPU.Build.0 = Debug|Any CPU
		{516093C2-5D00-40F0-A5D3-70680355875C}.Release|Any CPU.ActiveCfg = Release|Any CPU
		{516093C2-5D00-40F0-A5D3-70680355875C}.Release|Any CPU.Build.0 = Release|Any CPU
	EndGlobalSection
	GlobalSection(SolutionProperties) = preSolution
		HideSolutionNode = FALSE
	EndGlobalSection
	GlobalSection(ExtensibilityGlobals) = postSolution
		SolutionGuid = {AA8ED9AC-774D-4585-9D76-2FAE7C41D44B}
	EndGlobalSection
EndGlobal
